
Microsoft Visual Studio Solution File, Format Version 12.00
# Visual Studio Version 16
VisualStudioVersion = 16.0.30907.101
MinimumVisualStudioVersion = 10.0.40219.1
Project("{FAE04EC0-301F-11D3-BF4B-00C04F79EFBC}") = "VETCLOUD", "VETCLOUD.csproj", "{C7C66029-AC65-46BD-AC8B-635DABE53D55}"
EndProject
Global
	GlobalSection(SolutionConfigurationPlatforms) = preSolution
		Debug|Any CPU = Debug|Any CPU
		Release|Any CPU = Release|Any CPU
	EndGlobalSection
	GlobalSection(ProjectConfigurationPlatforms) = postSolution
		{C7C66029-AC65-46BD-AC8B-635DABE53D55}.Debug|Any CPU.ActiveCfg = Debug|Any CPU
		{C7C66029-AC65-46BD-AC8B-635DABE53D55}.Debug|Any CPU.Build.0 = Debug|Any CPU
		{C7C66029-AC65-46BD-AC8B-635DABE53D55}.Release|Any CPU.ActiveCfg = Release|Any CPU
		{C7C66029-AC65-46BD-AC8B-635DABE53D55}.Release|Any CPU.Build.0 = Release|Any CPU
	EndGlobalSection
	GlobalSection(SolutionProperties) = preSolution
		HideSolutionNode = FALSE
	EndGlobalSection
	GlobalSection(ExtensibilityGlobals) = postSolution
		SolutionGuid = {77D16389-C191-47A4-9781-71035498960C}
	EndGlobalSection
EndGlobal
